
Microsoft Visual Studio Solution File, Format Version 12.00
# Visual Studio 2012
Project("{FAE04EC0-301F-11D3-BF4B-00C04F79EFBC}") = "My WebPage", "My WebPage\My WebPage.csproj", "{914C0890-C7B1-423C-96A3-4A7A3C310B24}"
EndProject
Global
	GlobalSection(SolutionConfigurationPlatforms) = preSolution
		Debug|Any CPU = Debug|Any CPU
		Release|Any CPU = Release|Any CPU
	EndGlobalSection
	GlobalSection(ProjectConfigurationPlatforms) = postSolution
		{914C0890-C7B1-423C-96A3-4A7A3C310B24}.Debug|Any CPU.ActiveCfg = Debug|Any CPU
		{914C0890-C7B1-423C-96A3-4A7A3C310B24}.Debug|Any CPU.Build.0 = Debug|Any CPU
		{914C0890-C7B1-423C-96A3-4A7A3C310B24}.Release|Any CPU.ActiveCfg = Release|Any CPU
		{914C0890-C7B1-423C-96A3-4A7A3C310B24}.Release|Any CPU.Build.0 = Release|Any CPU
	EndGlobalSection
	GlobalSection(SolutionProperties) = preSolution
		HideSolutionNode = FALSE
	EndGlobalSection
EndGlobal
